// !$*UTF8*$!
{
	archiveVersion = 1;
	classes = {
	};
	objectVersion = 48;
	objects = {

/* Begin PBXBuildFile section */
		84C7C0AC20E29169003293B2 /* AppDelegate.swift in Sources */ = {isa = PBXBuildFile; fileRef = 84C7C0AB20E29169003293B2 /* AppDelegate.swift */; };
		84C7C0B120E29169003293B2 /* Main.storyboard in Resources */ = {isa = PBXBuildFile; fileRef = 84C7C0AF20E29169003293B2 /* Main.storyboard */; };
		84C7C0B320E29169003293B2 /* Assets.xcassets in Resources */ = {isa = PBXBuildFile; fileRef = 84C7C0B220E29169003293B2 /* Assets.xcassets */; };
		84C7C0B620E29169003293B2 /* LaunchScreen.storyboard in Resources */ = {isa = PBXBuildFile; fileRef = 84C7C0B420E29169003293B2 /* LaunchScreen.storyboard */; };
		84C7C0C120E2A4D6003293B2 /* SWRevealViewController.m in Sources */ = {isa = PBXBuildFile; fileRef = 84C7C0C020E2A4D6003293B2 /* SWRevealViewController.m */; };
		84C7C0C620E35663003293B2 /* ChatVC.swift in Sources */ = {isa = PBXBuildFile; fileRef = 84C7C0C520E35663003293B2 /* ChatVC.swift */; };
		84C7C0C820E3569F003293B2 /* ChannelVC.swift in Sources */ = {isa = PBXBuildFile; fileRef = 84C7C0C720E3569F003293B2 /* ChannelVC.swift */; };
		84C7C0CA20E3D52F003293B2 /* GradientView.swift in Sources */ = {isa = PBXBuildFile; fileRef = 84C7C0C920E3D52F003293B2 /* GradientView.swift */; };
		DA89989E88553F37A0B4B367 /* Pods_Smack.framework in Frameworks */ = {isa = PBXBuildFile; fileRef = B4DE8DE5EBF677022672F873 /* Pods_Smack.framework */; };
/* End PBXBuildFile section */

/* Begin PBXFileReference section */
		2611676DFC8F41B9FE3BF29F /* Pods-Smack.release.xcconfig */ = {isa = PBXFileReference; includeInIndex = 1; lastKnownFileType = text.xcconfig; name = "Pods-Smack.release.xcconfig"; path = "Pods/Target Support Files/Pods-Smack/Pods-Smack.release.xcconfig"; sourceTree = "<group>"; };
		84C7C0A820E29169003293B2 /* Smack.app */ = {isa = PBXFileReference; explicitFileType = wrapper.application; includeInIndex = 0; path = Smack.app; sourceTree = BUILT_PRODUCTS_DIR; };
		84C7C0AB20E29169003293B2 /* AppDelegate.swift */ = {isa = PBXFileReference; lastKnownFileType = sourcecode.swift; path = AppDelegate.swift; sourceTree = "<group>"; };
		84C7C0B020E29169003293B2 /* Base */ = {isa = PBXFileReference; lastKnownFileType = file.storyboard; name = Base; path = Base.lproj/Main.storyboard; sourceTree = "<group>"; };
		84C7C0B220E29169003293B2 /* Assets.xcassets */ = {isa = PBXFileReference; lastKnownFileType = folder.assetcatalog; path = Assets.xcassets; sourceTree = "<group>"; };
		84C7C0B520E29169003293B2 /* Base */ = {isa = PBXFileReference; lastKnownFileType = file.storyboard; name = Base; path = Base.lproj/LaunchScreen.storyboard; sourceTree = "<group>"; };
		84C7C0B720E29169003293B2 /* Info.plist */ = {isa = PBXFileReference; lastKnownFileType = text.plist.xml; path = Info.plist; sourceTree = "<group>"; };
		84C7C0BE20E2A4D5003293B2 /* Smack-Bridging-Header.h */ = {isa = PBXFileReference; lastKnownFileType = sourcecode.c.h; path = "Smack-Bridging-Header.h"; sourceTree = "<group>"; };
		84C7C0BF20E2A4D6003293B2 /* SWRevealViewController.h */ = {isa = PBXFileReference; fileEncoding = 4; lastKnownFileType = sourcecode.c.h; name = SWRevealViewController.h; path = "Smack Assets/SWReveal/SWRevealViewController.h"; sourceTree = SOURCE_ROOT; };
		84C7C0C020E2A4D6003293B2 /* SWRevealViewController.m */ = {isa = PBXFileReference; fileEncoding = 4; lastKnownFileType = sourcecode.c.objc; name = SWRevealViewController.m; path = "Smack Assets/SWReveal/SWRevealViewController.m"; sourceTree = SOURCE_ROOT; };
		84C7C0C520E35663003293B2 /* ChatVC.swift */ = {isa = PBXFileReference; lastKnownFileType = sourcecode.swift; path = ChatVC.swift; sourceTree = "<group>"; };
		84C7C0C720E3569F003293B2 /* ChannelVC.swift */ = {isa = PBXFileReference; lastKnownFileType = sourcecode.swift; path = ChannelVC.swift; sourceTree = "<group>"; };
		84C7C0C920E3D52F003293B2 /* GradientView.swift */ = {isa = PBXFileReference; lastKnownFileType = sourcecode.swift; path = GradientView.swift; sourceTree = "<group>"; };
		B4DE8DE5EBF677022672F873 /* Pods_Smack.framework */ = {isa = PBXFileReference; explicitFileType = wrapper.framework; includeInIndex = 0; path = Pods_Smack.framework; sourceTree = BUILT_PRODUCTS_DIR; };
		EEA33061C1AC7BE262430851 /* Pods-Smack.debug.xcconfig */ = {isa = PBXFileReference; includeInIndex = 1; lastKnownFileType = text.xcconfig; name = "Pods-Smack.debug.xcconfig"; path = "Pods/Target Support Files/Pods-Smack/Pods-Smack.debug.xcconfig"; sourceTree = "<group>"; };
/* End PBXFileReference section */

/* Begin PBXFrameworksBuildPhase section */
		84C7C0A520E29169003293B2 /* Frameworks */ = {
			isa = PBXFrameworksBuildPhase;
			buildActionMask = 2147483647;
			files = (
				DA89989E88553F37A0B4B367 /* Pods_Smack.framework in Frameworks */,
			);
			runOnlyForDeploymentPostprocessing = 0;
		};
/* End PBXFrameworksBuildPhase section */

/* Begin PBXGroup section */
		33E03722B29E0C15450E5E6C /* Pods */ = {
			isa = PBXGroup;
			children = (
				EEA33061C1AC7BE262430851 /* Pods-Smack.debug.xcconfig */,
				2611676DFC8F41B9FE3BF29F /* Pods-Smack.release.xcconfig */,
			);
			name = Pods;
			sourceTree = "<group>";
		};
		6ED71973412B541FCF3850A7 /* Frameworks */ = {
			isa = PBXGroup;
			children = (
				B4DE8DE5EBF677022672F873 /* Pods_Smack.framework */,
			);
			name = Frameworks;
			sourceTree = "<group>";
		};
		84C7C09F20E29168003293B2 = {
			isa = PBXGroup;
			children = (
				84C7C0AA20E29169003293B2 /* Smack */,
				84C7C0A920E29169003293B2 /* Products */,
				33E03722B29E0C15450E5E6C /* Pods */,
				6ED71973412B541FCF3850A7 /* Frameworks */,
			);
			sourceTree = "<group>";
		};
		84C7C0A920E29169003293B2 /* Products */ = {
			isa = PBXGroup;
			children = (
				84C7C0A820E29169003293B2 /* Smack.app */,
			);
			name = Products;
			sourceTree = "<group>";
		};
		84C7C0AA20E29169003293B2 /* Smack */ = {
			isa = PBXGroup;
			children = (
				84C7C0C420E35620003293B2 /* Model */,
				84C7C0C320E3561B003293B2 /* View */,
				84C7C0C220E35611003293B2 /* Controller */,
				84C7C0BD20E2A466003293B2 /* Supporting Files */,
				84C7C0AB20E29169003293B2 /* AppDelegate.swift */,
				84C7C0AF20E29169003293B2 /* Main.storyboard */,
				84C7C0B220E29169003293B2 /* Assets.xcassets */,
				84C7C0B420E29169003293B2 /* LaunchScreen.storyboard */,
				84C7C0B720E29169003293B2 /* Info.plist */,
			);
			path = Smack;
			sourceTree = "<group>";
		};
		84C7C0BD20E2A466003293B2 /* Supporting Files */ = {
			isa = PBXGroup;
			children = (
				84C7C0BF20E2A4D6003293B2 /* SWRevealViewController.h */,
				84C7C0C020E2A4D6003293B2 /* SWRevealViewController.m */,
				84C7C0BE20E2A4D5003293B2 /* Smack-Bridging-Header.h */,
			);
			path = "Supporting Files";
			sourceTree = "<group>";
		};
		84C7C0C220E35611003293B2 /* Controller */ = {
			isa = PBXGroup;
			children = (
				84C7C0C520E35663003293B2 /* ChatVC.swift */,
				84C7C0C720E3569F003293B2 /* ChannelVC.swift */,
			);
			path = Controller;
			sourceTree = "<group>";
		};
		84C7C0C320E3561B003293B2 /* View */ = {
			isa = PBXGroup;
			children = (
				84C7C0C920E3D52F003293B2 /* GradientView.swift */,
			);
			path = View;
			sourceTree = "<group>";
		};
		84C7C0C420E35620003293B2 /* Model */ = {
			isa = PBXGroup;
			children = (
			);
			path = Model;
			sourceTree = "<group>";
		};
/* End PBXGroup section */

/* Begin PBXNativeTarget section */
		84C7C0A720E29169003293B2 /* Smack */ = {
			isa = PBXNativeTarget;
			buildConfigurationList = 84C7C0BA20E29169003293B2 /* Build configuration list for PBXNativeTarget "Smack" */;
			buildPhases = (
				1CC12B56FC9C12A289B80A73 /* [CP] Check Pods Manifest.lock */,
				84C7C0A420E29169003293B2 /* Sources */,
				84C7C0A520E29169003293B2 /* Frameworks */,
				84C7C0A620E29169003293B2 /* Resources */,
				FD7137443B508E04F2790F5B /* [CP] Embed Pods Frameworks */,
			);
			buildRules = (
			);
			dependencies = (
			);
			name = Smack;
			productName = Smack;
			productReference = 84C7C0A820E29169003293B2 /* Smack.app */;
			productType = "com.apple.product-type.application";
		};
/* End PBXNativeTarget section */

/* Begin PBXProject section */
		84C7C0A020E29168003293B2 /* Project object */ = {
			isa = PBXProject;
			attributes = {
				LastSwiftUpdateCheck = 0920;
				LastUpgradeCheck = 0920;
				ORGANIZATIONNAME = Admin;
				TargetAttributes = {
					84C7C0A720E29169003293B2 = {
						CreatedOnToolsVersion = 9.2;
						LastSwiftMigration = 0920;
						ProvisioningStyle = Automatic;
					};
				};
			};
			buildConfigurationList = 84C7C0A320E29168003293B2 /* Build configuration list for PBXProject "Smack" */;
			compatibilityVersion = "Xcode 8.0";
			developmentRegion = en;
			hasScannedForEncodings = 0;
			knownRegions = (
				en,
				Base,
			);
			mainGroup = 84C7C09F20E29168003293B2;
			productRefGroup = 84C7C0A920E29169003293B2 /* Products */;
			projectDirPath = "";
			projectRoot = "";
			targets = (
				84C7C0A720E29169003293B2 /* Smack */,
			);
		};
/* End PBXProject section */

/* Begin PBXResourcesBuildPhase section */
		84C7C0A620E29169003293B2 /* Resources */ = {
			isa = PBXResourcesBuildPhase;
			buildActionMask = 2147483647;
			files = (
				84C7C0B620E29169003293B2 /* LaunchScreen.storyboard in Resources */,
				84C7C0B320E29169003293B2 /* Assets.xcassets in Resources */,
				84C7C0B120E29169003293B2 /* Main.storyboard in Resources */,
			);
			runOnlyForDeploymentPostprocessing = 0;
		};
/* End PBXResourcesBuildPhase section */

/* Begin PBXShellScriptBuildPhase section */
		1CC12B56FC9C12A289B80A73 /* [CP] Check Pods Manifest.lock */ = {
			isa = PBXShellScriptBuildPhase;
			buildActionMask = 2147483647;
			files = (
			);
			inputPaths = (
				"${PODS_PODFILE_DIR_PATH}/Podfile.lock",
				"${PODS_ROOT}/Manifest.lock",
			);
			name = "[CP] Check Pods Manifest.lock";
			outputPaths = (
				"$(DERIVED_FILE_DIR)/Pods-Smack-checkManifestLockResult.txt",
			);
			runOnlyForDeploymentPostprocessing = 0;
			shellPath = /bin/sh;
			shellScript = "diff \"${PODS_PODFILE_DIR_PATH}/Podfile.lock\" \"${PODS_ROOT}/Manifest.lock\" > /dev/null\nif [ $? != 0 ] ; then\n    # print error to STDERR\n    echo \"error: The sandbox is not in sync with the Podfile.lock. Run 'pod install' or update your CocoaPods installation.\" >&2\n    exit 1\nfi\n# This output is used by Xcode 'outputs' to avoid re-running this script phase.\necho \"SUCCESS\" > \"${SCRIPT_OUTPUT_FILE_0}\"\n";
			showEnvVarsInLog = 0;
		};
		FD7137443B508E04F2790F5B /* [CP] Embed Pods Frameworks */ = {
			isa = PBXShellScriptBuildPhase;
			buildActionMask = 2147483647;
			files = (
			);
			inputPaths = (
				"${SRCROOT}/Pods/Target Support Files/Pods-Smack/Pods-Smack-frameworks.sh",
				"${BUILT_PRODUCTS_DIR}/Alamofire/Alamofire.framework",
				"${BUILT_PRODUCTS_DIR}/Socket.IO-Client-Swift/SocketIO.framework",
				"${BUILT_PRODUCTS_DIR}/Starscream/Starscream.framework",
				"${BUILT_PRODUCTS_DIR}/SwiftyJSON/SwiftyJSON.framework",
			);
			name = "[CP] Embed Pods Frameworks";
			outputPaths = (
				"${TARGET_BUILD_DIR}/${FRAMEWORKS_FOLDER_PATH}/Alamofire.framework",
				"${TARGET_BUILD_DIR}/${FRAMEWORKS_FOLDER_PATH}/SocketIO.framework",
				"${TARGET_BUILD_DIR}/${FRAMEWORKS_FOLDER_PATH}/Starscream.framework",
				"${TARGET_BUILD_DIR}/${FRAMEWORKS_FOLDER_PATH}/SwiftyJSON.framework",
			);
			runOnlyForDeploymentPostprocessing = 0;
			shellPath = /bin/sh;
			shellScript = "\"${SRCROOT}/Pods/Target Support Files/Pods-Smack/Pods-Smack-frameworks.sh\"\n";
			showEnvVarsInLog = 0;
		};
/* End PBXShellScriptBuildPhase section */

/* Begin PBXSourcesBuildPhase section */
		84C7C0A420E29169003293B2 /* Sources */ = {
			isa = PBXSourcesBuildPhase;
			buildActionMask = 2147483647;
			files = (
				84C7C0C820E3569F003293B2 /* ChannelVC.swift in Sources */,
				84C7C0C620E35663003293B2 /* ChatVC.swift in Sources */,
				84C7C0CA20E3D52F003293B2 /* GradientView.swift in Sources */,
				84C7C0AC20E29169003293B2 /* AppDelegate.swift in Sources */,
				84C7C0C120E2A4D6003293B2 /* SWRevealViewController.m in Sources */,
			);
			runOnlyForDeploymentPostprocessing = 0;
		};
/* End PBXSourcesBuildPhase section */

/* Begin PBXVariantGroup section */
		84C7C0AF20E29169003293B2 /* Main.storyboard */ = {
			isa = PBXVariantGroup;
			children = (
				84C7C0B020E29169003293B2 /* Base */,
			);
			name = Main.storyboard;
			sourceTree = "<group>";
		};
		84C7C0B420E29169003293B2 /* LaunchScreen.storyboard */ = {
			isa = PBXVariantGroup;
			children = (
				84C7C0B520E29169003293B2 /* Base */,
			);
			name = LaunchScreen.storyboard;
			sourceTree = "<group>";
		};
/* End PBXVariantGroup section */

/* Begin XCBuildConfiguration section */
		84C7C0B820E29169003293B2 /* Debug */ = {
			isa = XCBuildConfiguration;
			buildSettings = {
				ALWAYS_SEARCH_USER_PATHS = NO;
				CLANG_ANALYZER_NONNULL = YES;
				CLANG_ANALYZER_NUMBER_OBJECT_CONVERSION = YES_AGGRESSIVE;
				CLANG_CXX_LANGUAGE_STANDARD = "gnu++14";
				CLANG_CXX_LIBRARY = "libc++";
				CLANG_ENABLE_MODULES = YES;
				CLANG_ENABLE_OBJC_ARC = YES;
				CLANG_WARN_BLOCK_CAPTURE_AUTORELEASING = YES;
				CLANG_WARN_BOOL_CONVERSION = YES;
				CLANG_WARN_COMMA = YES;
				CLANG_WARN_CONSTANT_CONVERSION = YES;
				CLANG_WARN_DIRECT_OBJC_ISA_USAGE = YES_ERROR;
				CLANG_WARN_DOCUMENTATION_COMMENTS = YES;
				CLANG_WARN_EMPTY_BODY = YES;
				CLANG_WARN_ENUM_CONVERSION = YES;
				CLANG_WARN_INFINITE_RECURSION = YES;
				CLANG_WARN_INT_CONVERSION = YES;
				CLANG_WARN_NON_LITERAL_NULL_CONVERSION = YES;
				CLANG_WARN_OBJC_LITERAL_CONVERSION = YES;
				CLANG_WARN_OBJC_ROOT_CLASS = YES_ERROR;
				CLANG_WARN_RANGE_LOOP_ANALYSIS = YES;
				CLANG_WARN_STRICT_PROTOTYPES = YES;
				CLANG_WARN_SUSPICIOUS_MOVE = YES;
				CLANG_WARN_UNGUARDED_AVAILABILITY = YES_AGGRESSIVE;
				CLANG_WARN_UNREACHABLE_CODE = YES;
				CLANG_WARN__DUPLICATE_METHOD_MATCH = YES;
				CODE_SIGN_IDENTITY = "iPhone Developer";
				COPY_PHASE_STRIP = NO;
				DEBUG_INFORMATION_FORMAT = dwarf;
				ENABLE_STRICT_OBJC_MSGSEND = YES;
				ENABLE_TESTABILITY = YES;
				GCC_C_LANGUAGE_STANDARD = gnu11;
				GCC_DYNAMIC_NO_PIC = NO;
				GCC_NO_COMMON_BLOCKS = YES;
				GCC_OPTIMIZATION_LEVEL = 0;
				GCC_PREPROCESSOR_DEFINITIONS = (
					"DEBUG=1",
					"$(inherited)",
				);
				GCC_WARN_64_TO_32_BIT_CONVERSION = YES;
				GCC_WARN_ABOUT_RETURN_TYPE = YES_ERROR;
				GCC_WARN_UNDECLARED_SELECTOR = YES;
				GCC_WARN_UNINITIALIZED_AUTOS = YES_AGGRESSIVE;
				GCC_WARN_UNUSED_FUNCTION = YES;
				GCC_WARN_UNUSED_VARIABLE = YES;
				IPHONEOS_DEPLOYMENT_TARGET = 11.2;
				MTL_ENABLE_DEBUG_INFO = YES;
				ONLY_ACTIVE_ARCH = YES;
				SDKROOT = iphoneos;
				SWIFT_ACTIVE_COMPILATION_CONDITIONS = DEBUG;
				SWIFT_OPTIMIZATION_LEVEL = "-Onone";
			};
			name = Debug;
		};
		84C7C0B920E29169003293B2 /* Release */ = {
			isa = XCBuildConfiguration;
			buildSettings = {
				ALWAYS_SEARCH_USER_PATHS = NO;
				CLANG_ANALYZER_NONNULL = YES;
				CLANG_ANALYZER_NUMBER_OBJECT_CONVERSION = YES_AGGRESSIVE;
				CLANG_CXX_LANGUAGE_STANDARD = "gnu++14";
				CLANG_CXX_LIBRARY = "libc++";
				CLANG_ENABLE_MODULES = YES;
				CLANG_ENABLE_OBJC_ARC = YES;
				CLANG_WARN_BLOCK_CAPTURE_AUTORELEASING = YES;
				CLANG_WARN_BOOL_CONVERSION = YES;
				CLANG_WARN_COMMA = YES;
				CLANG_WARN_CONSTANT_CONVERSION = YES;
				CLANG_WARN_DIRECT_OBJC_ISA_USAGE = YES_ERROR;
				CLANG_WARN_DOCUMENTATION_COMMENTS = YES;
				CLANG_WARN_EMPTY_BODY = YES;
				CLANG_WARN_ENUM_CONVERSION = YES;
				CLANG_WARN_INFINITE_RECURSION = YES;
				CLANG_WARN_INT_CONVERSION = YES;
				CLANG_WARN_NON_LITERAL_NULL_CONVERSION = YES;
				CLANG_WARN_OBJC_LITERAL_CONVERSION = YES;
				CLANG_WARN_OBJC_ROOT_CLASS = YES_ERROR;
				CLANG_WARN_RANGE_LOOP_ANALYSIS = YES;
				CLANG_WARN_STRICT_PROTOTYPES = YES;
				CLANG_WARN_SUSPICIOUS_MOVE = YES;
				CLANG_WARN_UNGUARDED_AVAILABILITY = YES_AGGRESSIVE;
				CLANG_WARN_UNREACHABLE_CODE = YES;
				CLANG_WARN__DUPLICATE_METHOD_MATCH = YES;
				CODE_SIGN_IDENTITY = "iPhone Developer";
				COPY_PHASE_STRIP = NO;
				DEBUG_INFORMATION_FORMAT = "dwarf-with-dsym";
				ENABLE_NS_ASSERTIONS = NO;
				ENABLE_STRICT_OBJC_MSGSEND = YES;
				GCC_C_LANGUAGE_STANDARD = gnu11;
				GCC_NO_COMMON_BLOCKS = YES;
				GCC_WARN_64_TO_32_BIT_CONVERSION = YES;
				GCC_WARN_ABOUT_RETURN_TYPE = YES_ERROR;
				GCC_WARN_UNDECLARED_SELECTOR = YES;
				GCC_WARN_UNINITIALIZED_AUTOS = YES_AGGRESSIVE;
				GCC_WARN_UNUSED_FUNCTION = YES;
				GCC_WARN_UNUSED_VARIABLE = YES;
				IPHONEOS_DEPLOYMENT_TARGET = 11.2;
				MTL_ENABLE_DEBUG_INFO = NO;
				SDKROOT = iphoneos;
				SWIFT_OPTIMIZATION_LEVEL = "-Owholemodule";
				VALIDATE_PRODUCT = YES;
			};
			name = Release;
		};
		84C7C0BB20E29169003293B2 /* Debug */ = {
			isa = XCBuildConfiguration;
			baseConfigurationReference = EEA33061C1AC7BE262430851 /* Pods-Smack.debug.xcconfig */;
			buildSettings = {
				ASSETCATALOG_COMPILER_APPICON_NAME = AppIcon;
				CLANG_ENABLE_MODULES = YES;
				CODE_SIGN_STYLE = Automatic;
				INFOPLIST_FILE = Smack/Info.plist;
				LD_RUNPATH_SEARCH_PATHS = "$(inherited) @executable_path/Frameworks";
				PRODUCT_BUNDLE_IDENTIFIER = admin.Smack;
				PRODUCT_NAME = "$(TARGET_NAME)";
				SWIFT_OBJC_BRIDGING_HEADER = "Smack/Supporting Files/Smack-Bridging-Header.h";
				SWIFT_OPTIMIZATION_LEVEL = "-Onone";
				SWIFT_VERSION = 4.0;
				TARGETED_DEVICE_FAMILY = "1,2";
			};
			name = Debug;
		};
		84C7C0BC20E29169003293B2 /* Release */ = {
			isa = XCBuildConfiguration;
			baseConfigurationReference = 2611676DFC8F41B9FE3BF29F /* Pods-Smack.release.xcconfig */;
			buildSettings = {
				ASSETCATALOG_COMPILER_APPICON_NAME = AppIcon;
				CLANG_ENABLE_MODULES = YES;
				CODE_SIGN_STYLE = Automatic;
				INFOPLIST_FILE = Smack/Info.plist;
				LD_RUNPATH_SEARCH_PATHS = "$(inherited) @executable_path/Frameworks";
				PRODUCT_BUNDLE_IDENTIFIER = admin.Smack;
				PRODUCT_NAME = "$(TARGET_NAME)";
				SWIFT_OBJC_BRIDGING_HEADER = "Smack/Supporting Files/Smack-Bridging-Header.h";
				SWIFT_VERSION = 4.0;
				TARGETED_DEVICE_FAMILY = "1,2";
			};
			name = Release;
		};
/* End XCBuildConfiguration section */

/* Begin XCConfigurationList section */
		84C7C0A320E29168003293B2 /* Build configuration list for PBXProject "Smack" */ = {
			isa = XCConfigurationList;
			buildConfigurations = (
				84C7C0B820E29169003293B2 /* Debug */,
				84C7C0B920E29169003293B2 /* Release */,
			);
			defaultConfigurationIsVisible = 0;
			defaultConfigurationName = Release;
		};
		84C7C0BA20E29169003293B2 /* Build configuration list for PBXNativeTarget "Smack" */ = {
			isa = XCConfigurationList;
			buildConfigurations = (
				84C7C0BB20E29169003293B2 /* Debug */,
				84C7C0BC20E29169003293B2 /* Release */,
			);
			defaultConfigurationIsVisible = 0;
			defaultConfigurationName = Release;
		};
/* End XCConfigurationList section */
	};
	rootObject = 84C7C0A020E29168003293B2 /* Project object */;
}
